
Microsoft Visual Studio Solution File, Format Version 12.00
# Visual Studio Version 16
VisualStudioVersion = 16.0.29609.76
MinimumVisualStudioVersion = 10.0.40219.1
Project("{FAE04EC0-301F-11D3-BF4B-00C04F79EFBC}") = "Shouty", "Shouty\Shouty.csproj", "{0E5DB02D-F33F-4985-A011-E5DA190810CC}"
EndProject
Project("{FAE04EC0-301F-11D3-BF4B-00C04F79EFBC}") = "Shouty.Specs", "Shouty.Specs\Shouty.Specs.csproj", "{755FEC83-EF87-408C-9997-EC5B2D6104D6}"
EndProject
Global
	GlobalSection(SolutionConfigurationPlatforms) = preSolution
		Debug|Any CPU = Debug|Any CPU
		Release|Any CPU = Release|Any CPU
	EndGlobalSection
	GlobalSection(ProjectConfigurationPlatforms) = postSolution
		{0E5DB02D-F33F-4985-A011-E5DA190810CC}.Debug|Any CPU.ActiveCfg = Debug|Any CPU
		{0E5DB02D-F33F-4985-A011-E5DA190810CC}.Debug|Any CPU.Build.0 = Debug|Any CPU
		{0E5DB02D-F33F-4985-A011-E5DA190810CC}.Release|Any CPU.ActiveCfg = Release|Any CPU
		{0E5DB02D-F33F-4985-A011-E5DA190810CC}.Release|Any CPU.Build.0 = Release|Any CPU
		{755FEC83-EF87-408C-9997-EC5B2D6104D6}.Debug|Any CPU.ActiveCfg = Debug|Any CPU
		{755FEC83-EF87-408C-9997-EC5B2D6104D6}.Debug|Any CPU.Build.0 = Debug|Any CPU
		{755FEC83-EF87-408C-9997-EC5B2D6104D6}.Release|Any CPU.ActiveCfg = Release|Any CPU
		{755FEC83-EF87-408C-9997-EC5B2D6104D6}.Release|Any CPU.Build.0 = Release|Any CPU
	EndGlobalSection
	GlobalSection(SolutionProperties) = preSolution
		HideSolutionNode = FALSE
	EndGlobalSection
	GlobalSection(ExtensibilityGlobals) = postSolution
		SolutionGuid = {AD89C895-2CBB-413A-AF6E-1743BFA80596}
	EndGlobalSection
EndGlobal
